
Microsoft Visual Studio Solution File, Format Version 12.00
# Visual Studio Version 16
VisualStudioVersion = 16.0.30523.141
MinimumVisualStudioVersion = 10.0.40219.1
Project("{9A19103F-16F7-4668-BE54-9A1E7A4F7556}") = "EPAM task 4-3", "EPAM task 4-3.csproj", "{A6B89580-6811-4306-A778-B012C3B95DD6}"
EndProject
Project("{FAE04EC0-301F-11D3-BF4B-00C04F79EFBC}") = "Task 4-2 test", "..\Task 4-2 test\Task 4-2 test.csproj", "{6A3395F9-AE02-4786-B410-ADB77FBE9F85}"
EndProject
Global
	GlobalSection(SolutionConfigurationPlatforms) = preSolution
		Debug|Any CPU = Debug|Any CPU
		Release|Any CPU = Release|Any CPU
	EndGlobalSection
	GlobalSection(ProjectConfigurationPlatforms) = postSolution
		{A6B89580-6811-4306-A778-B012C3B95DD6}.Debug|Any CPU.ActiveCfg = Debug|Any CPU
		{A6B89580-6811-4306-A778-B012C3B95DD6}.Debug|Any CPU.Build.0 = Debug|Any CPU
		{A6B89580-6811-4306-A778-B012C3B95DD6}.Release|Any CPU.ActiveCfg = Release|Any CPU
		{A6B89580-6811-4306-A778-B012C3B95DD6}.Release|Any CPU.Build.0 = Release|Any CPU
		{6A3395F9-AE02-4786-B410-ADB77FBE9F85}.Debug|Any CPU.ActiveCfg = Debug|Any CPU
		{6A3395F9-AE02-4786-B410-ADB77FBE9F85}.Debug|Any CPU.Build.0 = Debug|Any CPU
		{6A3395F9-AE02-4786-B410-ADB77FBE9F85}.Release|Any CPU.ActiveCfg = Release|Any CPU
		{6A3395F9-AE02-4786-B410-ADB77FBE9F85}.Release|Any CPU.Build.0 = Release|Any CPU
	EndGlobalSection
	GlobalSection(SolutionProperties) = preSolution
		HideSolutionNode = FALSE
	EndGlobalSection
	GlobalSection(ExtensibilityGlobals) = postSolution
		SolutionGuid = {91F7C16C-5909-48D2-BBCA-9F7ED28DFAF4}
	EndGlobalSection
EndGlobal
