
Microsoft Visual Studio Solution File, Format Version 12.00
# Visual Studio Version 16
VisualStudioVersion = 16.0.30523.141
MinimumVisualStudioVersion = 10.0.40219.1
Project("{9A19103F-16F7-4668-BE54-9A1E7A4F7556}") = "EPAM task 5-1", "EPAM task 5-1.csproj", "{50BA1F8D-9FC7-452E-B3C3-30D64F444D15}"
EndProject
Project("{FAE04EC0-301F-11D3-BF4B-00C04F79EFBC}") = "Task 5-1 test", "..\Task 5-1 test\Task 5-1 test.csproj", "{39CAFAD3-72F2-48A1-B121-D02F8E229A24}"
EndProject
Global
	GlobalSection(SolutionConfigurationPlatforms) = preSolution
		Debug|Any CPU = Debug|Any CPU
		Release|Any CPU = Release|Any CPU
	EndGlobalSection
	GlobalSection(ProjectConfigurationPlatforms) = postSolution
		{50BA1F8D-9FC7-452E-B3C3-30D64F444D15}.Debug|Any CPU.ActiveCfg = Debug|Any CPU
		{50BA1F8D-9FC7-452E-B3C3-30D64F444D15}.Debug|Any CPU.Build.0 = Debug|Any CPU
		{50BA1F8D-9FC7-452E-B3C3-30D64F444D15}.Release|Any CPU.ActiveCfg = Release|Any CPU
		{50BA1F8D-9FC7-452E-B3C3-30D64F444D15}.Release|Any CPU.Build.0 = Release|Any CPU
		{39CAFAD3-72F2-48A1-B121-D02F8E229A24}.Debug|Any CPU.ActiveCfg = Debug|Any CPU
		{39CAFAD3-72F2-48A1-B121-D02F8E229A24}.Debug|Any CPU.Build.0 = Debug|Any CPU
		{39CAFAD3-72F2-48A1-B121-D02F8E229A24}.Release|Any CPU.ActiveCfg = Release|Any CPU
		{39CAFAD3-72F2-48A1-B121-D02F8E229A24}.Release|Any CPU.Build.0 = Release|Any CPU
	EndGlobalSection
	GlobalSection(SolutionProperties) = preSolution
		HideSolutionNode = FALSE
	EndGlobalSection
	GlobalSection(ExtensibilityGlobals) = postSolution
		SolutionGuid = {1594DD3E-10DD-4A92-8E6F-EE21F8206748}
	EndGlobalSection
EndGlobal
