
Microsoft Visual Studio Solution File, Format Version 12.00
# Visual Studio Version 16
VisualStudioVersion = 16.0.30523.141
MinimumVisualStudioVersion = 10.0.40219.1
Project("{9A19103F-16F7-4668-BE54-9A1E7A4F7556}") = "EPAM task 1-2", "EPAM task 1-2.csproj", "{E16AD31F-8291-4C05-90EA-43F4C0E7289C}"
EndProject
Project("{FAE04EC0-301F-11D3-BF4B-00C04F79EFBC}") = "Task 1-2 test", "..\Task 1-2 test\Task 1-2 test.csproj", "{D1138B35-6356-4478-B33A-59751660CB36}"
EndProject
Global
	GlobalSection(SolutionConfigurationPlatforms) = preSolution
		Debug|Any CPU = Debug|Any CPU
		Release|Any CPU = Release|Any CPU
	EndGlobalSection
	GlobalSection(ProjectConfigurationPlatforms) = postSolution
		{E16AD31F-8291-4C05-90EA-43F4C0E7289C}.Debug|Any CPU.ActiveCfg = Debug|Any CPU
		{E16AD31F-8291-4C05-90EA-43F4C0E7289C}.Debug|Any CPU.Build.0 = Debug|Any CPU
		{E16AD31F-8291-4C05-90EA-43F4C0E7289C}.Release|Any CPU.ActiveCfg = Release|Any CPU
		{E16AD31F-8291-4C05-90EA-43F4C0E7289C}.Release|Any CPU.Build.0 = Release|Any CPU
		{D1138B35-6356-4478-B33A-59751660CB36}.Debug|Any CPU.ActiveCfg = Debug|Any CPU
		{D1138B35-6356-4478-B33A-59751660CB36}.Debug|Any CPU.Build.0 = Debug|Any CPU
		{D1138B35-6356-4478-B33A-59751660CB36}.Release|Any CPU.ActiveCfg = Release|Any CPU
		{D1138B35-6356-4478-B33A-59751660CB36}.Release|Any CPU.Build.0 = Release|Any CPU
	EndGlobalSection
	GlobalSection(SolutionProperties) = preSolution
		HideSolutionNode = FALSE
	EndGlobalSection
	GlobalSection(ExtensibilityGlobals) = postSolution
		SolutionGuid = {7ED5C8D6-E637-4298-89E8-06038C2853C7}
	EndGlobalSection
EndGlobal
