
Microsoft Visual Studio Solution File, Format Version 12.00
# Visual Studio Version 16
VisualStudioVersion = 16.0.30523.141
MinimumVisualStudioVersion = 10.0.40219.1
Project("{9A19103F-16F7-4668-BE54-9A1E7A4F7556}") = "EPAM task 2-2", "EPAM task 2-2.csproj", "{C30B264E-9140-46EA-8FF9-3154720B3620}"
EndProject
Project("{FAE04EC0-301F-11D3-BF4B-00C04F79EFBC}") = "Task 2-2 test", "..\Task 2-2 test\Task 2-2 test.csproj", "{CED91941-7681-423D-900B-6AEE31FAEDC5}"
EndProject
Global
	GlobalSection(SolutionConfigurationPlatforms) = preSolution
		Debug|Any CPU = Debug|Any CPU
		Release|Any CPU = Release|Any CPU
	EndGlobalSection
	GlobalSection(ProjectConfigurationPlatforms) = postSolution
		{C30B264E-9140-46EA-8FF9-3154720B3620}.Debug|Any CPU.ActiveCfg = Debug|Any CPU
		{C30B264E-9140-46EA-8FF9-3154720B3620}.Debug|Any CPU.Build.0 = Debug|Any CPU
		{C30B264E-9140-46EA-8FF9-3154720B3620}.Release|Any CPU.ActiveCfg = Release|Any CPU
		{C30B264E-9140-46EA-8FF9-3154720B3620}.Release|Any CPU.Build.0 = Release|Any CPU
		{CED91941-7681-423D-900B-6AEE31FAEDC5}.Debug|Any CPU.ActiveCfg = Debug|Any CPU
		{CED91941-7681-423D-900B-6AEE31FAEDC5}.Debug|Any CPU.Build.0 = Debug|Any CPU
		{CED91941-7681-423D-900B-6AEE31FAEDC5}.Release|Any CPU.ActiveCfg = Release|Any CPU
		{CED91941-7681-423D-900B-6AEE31FAEDC5}.Release|Any CPU.Build.0 = Release|Any CPU
	EndGlobalSection
	GlobalSection(SolutionProperties) = preSolution
		HideSolutionNode = FALSE
	EndGlobalSection
	GlobalSection(ExtensibilityGlobals) = postSolution
		SolutionGuid = {82AFDA17-7333-46DE-8417-23B87B50F64C}
	EndGlobalSection
EndGlobal
