
Microsoft Visual Studio Solution File, Format Version 12.00
# Visual Studio Version 16
VisualStudioVersion = 16.0.30523.141
MinimumVisualStudioVersion = 10.0.40219.1
Project("{9A19103F-16F7-4668-BE54-9A1E7A4F7556}") = "EPAM task 1-4", "EPAM task 1-4.csproj", "{87B44965-E249-4813-BE2A-DC70CD9AC0ED}"
EndProject
Project("{FAE04EC0-301F-11D3-BF4B-00C04F79EFBC}") = "Task 1-4 test", "..\Task 1-4 test\Task 1-4 test.csproj", "{28D4AE44-0BD3-4674-BA6F-C3B1886B0370}"
EndProject
Global
	GlobalSection(SolutionConfigurationPlatforms) = preSolution
		Debug|Any CPU = Debug|Any CPU
		Release|Any CPU = Release|Any CPU
	EndGlobalSection
	GlobalSection(ProjectConfigurationPlatforms) = postSolution
		{87B44965-E249-4813-BE2A-DC70CD9AC0ED}.Debug|Any CPU.ActiveCfg = Debug|Any CPU
		{87B44965-E249-4813-BE2A-DC70CD9AC0ED}.Debug|Any CPU.Build.0 = Debug|Any CPU
		{87B44965-E249-4813-BE2A-DC70CD9AC0ED}.Release|Any CPU.ActiveCfg = Release|Any CPU
		{87B44965-E249-4813-BE2A-DC70CD9AC0ED}.Release|Any CPU.Build.0 = Release|Any CPU
		{28D4AE44-0BD3-4674-BA6F-C3B1886B0370}.Debug|Any CPU.ActiveCfg = Debug|Any CPU
		{28D4AE44-0BD3-4674-BA6F-C3B1886B0370}.Debug|Any CPU.Build.0 = Debug|Any CPU
		{28D4AE44-0BD3-4674-BA6F-C3B1886B0370}.Release|Any CPU.ActiveCfg = Release|Any CPU
		{28D4AE44-0BD3-4674-BA6F-C3B1886B0370}.Release|Any CPU.Build.0 = Release|Any CPU
	EndGlobalSection
	GlobalSection(SolutionProperties) = preSolution
		HideSolutionNode = FALSE
	EndGlobalSection
	GlobalSection(ExtensibilityGlobals) = postSolution
		SolutionGuid = {F65F91F0-41CA-49D5-85E6-5DA29566674B}
	EndGlobalSection
EndGlobal
