
Microsoft Visual Studio Solution File, Format Version 12.00
# Visual Studio Version 16
VisualStudioVersion = 16.0.30523.141
MinimumVisualStudioVersion = 10.0.40219.1
Project("{9A19103F-16F7-4668-BE54-9A1E7A4F7556}") = "EPAM task 4-2", "EPAM task 4-2.csproj", "{D037D680-F1D8-4C40-ACE9-594645708014}"
EndProject
Project("{FAE04EC0-301F-11D3-BF4B-00C04F79EFBC}") = "Task 4-3 test", "..\Task 4-3 test\Task 4-3 test.csproj", "{C19BC023-AC01-4000-B5A2-DB5D55EF2258}"
EndProject
Global
	GlobalSection(SolutionConfigurationPlatforms) = preSolution
		Debug|Any CPU = Debug|Any CPU
		Release|Any CPU = Release|Any CPU
	EndGlobalSection
	GlobalSection(ProjectConfigurationPlatforms) = postSolution
		{D037D680-F1D8-4C40-ACE9-594645708014}.Debug|Any CPU.ActiveCfg = Debug|Any CPU
		{D037D680-F1D8-4C40-ACE9-594645708014}.Debug|Any CPU.Build.0 = Debug|Any CPU
		{D037D680-F1D8-4C40-ACE9-594645708014}.Release|Any CPU.ActiveCfg = Release|Any CPU
		{D037D680-F1D8-4C40-ACE9-594645708014}.Release|Any CPU.Build.0 = Release|Any CPU
		{C19BC023-AC01-4000-B5A2-DB5D55EF2258}.Debug|Any CPU.ActiveCfg = Debug|Any CPU
		{C19BC023-AC01-4000-B5A2-DB5D55EF2258}.Debug|Any CPU.Build.0 = Debug|Any CPU
		{C19BC023-AC01-4000-B5A2-DB5D55EF2258}.Release|Any CPU.ActiveCfg = Release|Any CPU
		{C19BC023-AC01-4000-B5A2-DB5D55EF2258}.Release|Any CPU.Build.0 = Release|Any CPU
	EndGlobalSection
	GlobalSection(SolutionProperties) = preSolution
		HideSolutionNode = FALSE
	EndGlobalSection
	GlobalSection(ExtensibilityGlobals) = postSolution
		SolutionGuid = {537C958E-E714-48D9-BA83-5CBE9153AAB4}
	EndGlobalSection
EndGlobal
